
Microsoft Visual Studio Solution File, Format Version 12.00
# Visual Studio Version 16
VisualStudioVersion = 16.0.31613.86
MinimumVisualStudioVersion = 10.0.40219.1
Project("{F184B08F-C81C-45F6-A57F-5ABD9991F28F}") = "201700791_CUBRECAMAS", "201700791_CUBRECAMAS.vbproj", "{2045BA75-553F-4A3C-BF34-E067545FC7A4}"
EndProject
Global
	GlobalSection(SolutionConfigurationPlatforms) = preSolution
		Debug|Any CPU = Debug|Any CPU
		Release|Any CPU = Release|Any CPU
	EndGlobalSection
	GlobalSection(ProjectConfigurationPlatforms) = postSolution
		{2045BA75-553F-4A3C-BF34-E067545FC7A4}.Debug|Any CPU.ActiveCfg = Debug|Any CPU
		{2045BA75-553F-4A3C-BF34-E067545FC7A4}.Debug|Any CPU.Build.0 = Debug|Any CPU
		{2045BA75-553F-4A3C-BF34-E067545FC7A4}.Release|Any CPU.ActiveCfg = Release|Any CPU
		{2045BA75-553F-4A3C-BF34-E067545FC7A4}.Release|Any CPU.Build.0 = Release|Any CPU
	EndGlobalSection
	GlobalSection(SolutionProperties) = preSolution
		HideSolutionNode = FALSE
	EndGlobalSection
	GlobalSection(ExtensibilityGlobals) = postSolution
		SolutionGuid = {E85A6CD8-EBC9-48DB-AFD4-8917F8244A3F}
	EndGlobalSection
EndGlobal
